// !$*UTF8*$!
{
	archiveVersion = 1;
	classes = {
	};
	objectVersion = 50;
	objects = {

/* Begin PBXBuildFile section */
		63F97D6823C0F3FD006E993A /* AppDelegate.swift in Sources */ = {isa = PBXBuildFile; fileRef = 63F97D6723C0F3FD006E993A /* AppDelegate.swift */; };
		63F97D6A23C0F3FD006E993A /* SceneDelegate.swift in Sources */ = {isa = PBXBuildFile; fileRef = 63F97D6923C0F3FD006E993A /* SceneDelegate.swift */; };
		63F97D6C23C0F3FD006E993A /* ContentView.swift in Sources */ = {isa = PBXBuildFile; fileRef = 63F97D6B23C0F3FD006E993A /* ContentView.swift */; };
		63F97D6E23C0F3FF006E993A /* Assets.xcassets in Resources */ = {isa = PBXBuildFile; fileRef = 63F97D6D23C0F3FF006E993A /* Assets.xcassets */; };
		63F97D7123C0F3FF006E993A /* Preview Assets.xcassets in Resources */ = {isa = PBXBuildFile; fileRef = 63F97D7023C0F3FF006E993A /* Preview Assets.xcassets */; };
		63F97D7423C0F3FF006E993A /* LaunchScreen.storyboard in Resources */ = {isa = PBXBuildFile; fileRef = 63F97D7223C0F3FF006E993A /* LaunchScreen.storyboard */; };
		63F97D7F23C0F3FF006E993A /* H4XOR_NewsTests.swift in Sources */ = {isa = PBXBuildFile; fileRef = 63F97D7E23C0F3FF006E993A /* H4XOR_NewsTests.swift */; };
		63F97D8A23C0F3FF006E993A /* H4XOR_NewsUITests.swift in Sources */ = {isa = PBXBuildFile; fileRef = 63F97D8923C0F3FF006E993A /* H4XOR_NewsUITests.swift */; };
/* End PBXBuildFile section */

/* Begin PBXContainerItemProxy section */
		63F97D7B23C0F3FF006E993A /* PBXContainerItemProxy */ = {
			isa = PBXContainerItemProxy;
			containerPortal = 63F97D5C23C0F3FD006E993A /* Project object */;
			proxyType = 1;
			remoteGlobalIDString = 63F97D6323C0F3FD006E993A;
			remoteInfo = "H4XOR News";
		};
		63F97D8623C0F3FF006E993A /* PBXContainerItemProxy */ = {
			isa = PBXContainerItemProxy;
			containerPortal = 63F97D5C23C0F3FD006E993A /* Project object */;
			proxyType = 1;
			remoteGlobalIDString = 63F97D6323C0F3FD006E993A;
			remoteInfo = "H4XOR News";
		};
/* End PBXContainerItemProxy section */

/* Begin PBXFileReference section */
		63F97D6423C0F3FD006E993A /* H4XOR News.app */ = {isa = PBXFileReference; explicitFileType = wrapper.application; includeInIndex = 0; path = "H4XOR News.app"; sourceTree = BUILT_PRODUCTS_DIR; };
		63F97D6723C0F3FD006E993A /* AppDelegate.swift */ = {isa = PBXFileReference; lastKnownFileType = sourcecode.swift; path = AppDelegate.swift; sourceTree = "<group>"; };
		63F97D6923C0F3FD006E993A /* SceneDelegate.swift */ = {isa = PBXFileReference; lastKnownFileType = sourcecode.swift; path = SceneDelegate.swift; sourceTree = "<group>"; };
		63F97D6B23C0F3FD006E993A /* ContentView.swift */ = {isa = PBXFileReference; lastKnownFileType = sourcecode.swift; path = ContentView.swift; sourceTree = "<group>"; };
		63F97D6D23C0F3FF006E993A /* Assets.xcassets */ = {isa = PBXFileReference; lastKnownFileType = folder.assetcatalog; path = Assets.xcassets; sourceTree = "<group>"; };
		63F97D7023C0F3FF006E993A /* Preview Assets.xcassets */ = {isa = PBXFileReference; lastKnownFileType = folder.assetcatalog; path = "Preview Assets.xcassets"; sourceTree = "<group>"; };
		63F97D7323C0F3FF006E993A /* Base */ = {isa = PBXFileReference; lastKnownFileType = file.storyboard; name = Base; path = Base.lproj/LaunchScreen.storyboard; sourceTree = "<group>"; };
		63F97D7523C0F3FF006E993A /* Info.plist */ = {isa = PBXFileReference; lastKnownFileType = text.plist.xml; path = Info.plist; sourceTree = "<group>"; };
		63F97D7A23C0F3FF006E993A /* H4XOR NewsTests.xctest */ = {isa = PBXFileReference; explicitFileType = wrapper.cfbundle; includeInIndex = 0; path = "H4XOR NewsTests.xctest"; sourceTree = BUILT_PRODUCTS_DIR; };
		63F97D7E23C0F3FF006E993A /* H4XOR_NewsTests.swift */ = {isa = PBXFileReference; lastKnownFileType = sourcecode.swift; path = H4XOR_NewsTests.swift; sourceTree = "<group>"; };
		63F97D8023C0F3FF006E993A /* Info.plist */ = {isa = PBXFileReference; lastKnownFileType = text.plist.xml; path = Info.plist; sourceTree = "<group>"; };
		63F97D8523C0F3FF006E993A /* H4XOR NewsUITests.xctest */ = {isa = PBXFileReference; explicitFileType = wrapper.cfbundle; includeInIndex = 0; path = "H4XOR NewsUITests.xctest"; sourceTree = BUILT_PRODUCTS_DIR; };
		63F97D8923C0F3FF006E993A /* H4XOR_NewsUITests.swift */ = {isa = PBXFileReference; lastKnownFileType = sourcecode.swift; path = H4XOR_NewsUITests.swift; sourceTree = "<group>"; };
		63F97D8B23C0F3FF006E993A /* Info.plist */ = {isa = PBXFileReference; lastKnownFileType = text.plist.xml; path = Info.plist; sourceTree = "<group>"; };
/* End PBXFileReference section */

/* Begin PBXFrameworksBuildPhase section */
		63F97D6123C0F3FD006E993A /* Frameworks */ = {
			isa = PBXFrameworksBuildPhase;
			buildActionMask = 2147483647;
			files = (
			);
			runOnlyForDeploymentPostprocessing = 0;
		};
		63F97D7723C0F3FF006E993A /* Frameworks */ = {
			isa = PBXFrameworksBuildPhase;
			buildActionMask = 2147483647;
			files = (
			);
			runOnlyForDeploymentPostprocessing = 0;
		};
		63F97D8223C0F3FF006E993A /* Frameworks */ = {
			isa = PBXFrameworksBuildPhase;
			buildActionMask = 2147483647;
			files = (
			);
			runOnlyForDeploymentPostprocessing = 0;
		};
/* End PBXFrameworksBuildPhase section */

/* Begin PBXGroup section */
		63F97D5B23C0F3FD006E993A = {
			isa = PBXGroup;
			children = (
				63F97D6623C0F3FD006E993A /* H4XOR News */,
				63F97D7D23C0F3FF006E993A /* H4XOR NewsTests */,
				63F97D8823C0F3FF006E993A /* H4XOR NewsUITests */,
				63F97D6523C0F3FD006E993A /* Products */,
			);
			sourceTree = "<group>";
		};
		63F97D6523C0F3FD006E993A /* Products */ = {
			isa = PBXGroup;
			children = (
				63F97D6423C0F3FD006E993A /* H4XOR News.app */,
				63F97D7A23C0F3FF006E993A /* H4XOR NewsTests.xctest */,
				63F97D8523C0F3FF006E993A /* H4XOR NewsUITests.xctest */,
			);
			name = Products;
			sourceTree = "<group>";
		};
		63F97D6623C0F3FD006E993A /* H4XOR News */ = {
			isa = PBXGroup;
			children = (
				63F97D6723C0F3FD006E993A /* AppDelegate.swift */,
				63F97D6923C0F3FD006E993A /* SceneDelegate.swift */,
				63F97D6B23C0F3FD006E993A /* ContentView.swift */,
				63F97D6D23C0F3FF006E993A /* Assets.xcassets */,
				63F97D7223C0F3FF006E993A /* LaunchScreen.storyboard */,
				63F97D7523C0F3FF006E993A /* Info.plist */,
				63F97D6F23C0F3FF006E993A /* Preview Content */,
			);
			path = "H4XOR News";
			sourceTree = "<group>";
		};
		63F97D6F23C0F3FF006E993A /* Preview Content */ = {
			isa = PBXGroup;
			children = (
				63F97D7023C0F3FF006E993A /* Preview Assets.xcassets */,
			);
			path = "Preview Content";
			sourceTree = "<group>";
		};
		63F97D7D23C0F3FF006E993A /* H4XOR NewsTests */ = {
			isa = PBXGroup;
			children = (
				63F97D7E23C0F3FF006E993A /* H4XOR_NewsTests.swift */,
				63F97D8023C0F3FF006E993A /* Info.plist */,
			);
			path = "H4XOR NewsTests";
			sourceTree = "<group>";
		};
		63F97D8823C0F3FF006E993A /* H4XOR NewsUITests */ = {
			isa = PBXGroup;
			children = (
				63F97D8923C0F3FF006E993A /* H4XOR_NewsUITests.swift */,
				63F97D8B23C0F3FF006E993A /* Info.plist */,
			);
			path = "H4XOR NewsUITests";
			sourceTree = "<group>";
		};
/* End PBXGroup section */

/* Begin PBXNativeTarget section */
		63F97D6323C0F3FD006E993A /* H4XOR News */ = {
			isa = PBXNativeTarget;
			buildConfigurationList = 63F97D8E23C0F3FF006E993A /* Build configuration list for PBXNativeTarget "H4XOR News" */;
			buildPhases = (
				63F97D6023C0F3FD006E993A /* Sources */,
				63F97D6123C0F3FD006E993A /* Frameworks */,
				63F97D6223C0F3FD006E993A /* Resources */,
			);
			buildRules = (
			);
			dependencies = (
			);
			name = "H4XOR News";
			productName = "H4XOR News";
			productReference = 63F97D6423C0F3FD006E993A /* H4XOR News.app */;
			productType = "com.apple.product-type.application";
		};
		63F97D7923C0F3FF006E993A /* H4XOR NewsTests */ = {
			isa = PBXNativeTarget;
			buildConfigurationList = 63F97D9123C0F3FF006E993A /* Build configuration list for PBXNativeTarget "H4XOR NewsTests" */;
			buildPhases = (
				63F97D7623C0F3FF006E993A /* Sources */,
				63F97D7723C0F3FF006E993A /* Frameworks */,
				63F97D7823C0F3FF006E993A /* Resources */,
			);
			buildRules = (
			);
			dependencies = (
				63F97D7C23C0F3FF006E993A /* PBXTargetDependency */,
			);
			name = "H4XOR NewsTests";
			productName = "H4XOR NewsTests";
			productReference = 63F97D7A23C0F3FF006E993A /* H4XOR NewsTests.xctest */;
			productType = "com.apple.product-type.bundle.unit-test";
		};
		63F97D8423C0F3FF006E993A /* H4XOR NewsUITests */ = {
			isa = PBXNativeTarget;
			buildConfigurationList = 63F97D9423C0F3FF006E993A /* Build configuration list for PBXNativeTarget "H4XOR NewsUITests" */;
			buildPhases = (
				63F97D8123C0F3FF006E993A /* Sources */,
				63F97D8223C0F3FF006E993A /* Frameworks */,
				63F97D8323C0F3FF006E993A /* Resources */,
			);
			buildRules = (
			);
			dependencies = (
				63F97D8723C0F3FF006E993A /* PBXTargetDependency */,
			);
			name = "H4XOR NewsUITests";
			productName = "H4XOR NewsUITests";
			productReference = 63F97D8523C0F3FF006E993A /* H4XOR NewsUITests.xctest */;
			productType = "com.apple.product-type.bundle.ui-testing";
		};
/* End PBXNativeTarget section */

/* Begin PBXProject section */
		63F97D5C23C0F3FD006E993A /* Project object */ = {
			isa = PBXProject;
			attributes = {
				LastSwiftUpdateCheck = 1130;
				LastUpgradeCheck = 1130;
				ORGANIZATIONNAME = "Manfred Roiger";
				TargetAttributes = {
					63F97D6323C0F3FD006E993A = {
						CreatedOnToolsVersion = 11.3;
					};
					63F97D7923C0F3FF006E993A = {
						CreatedOnToolsVersion = 11.3;
						TestTargetID = 63F97D6323C0F3FD006E993A;
					};
					63F97D8423C0F3FF006E993A = {
						CreatedOnToolsVersion = 11.3;
						TestTargetID = 63F97D6323C0F3FD006E993A;
					};
				};
			};
			buildConfigurationList = 63F97D5F23C0F3FD006E993A /* Build configuration list for PBXProject "H4XOR News" */;
			compatibilityVersion = "Xcode 9.3";
			developmentRegion = en;
			hasScannedForEncodings = 0;
			knownRegions = (
				en,
				Base,
			);
			mainGroup = 63F97D5B23C0F3FD006E993A;
			productRefGroup = 63F97D6523C0F3FD006E993A /* Products */;
			projectDirPath = "";
			projectRoot = "";
			targets = (
				63F97D6323C0F3FD006E993A /* H4XOR News */,
				63F97D7923C0F3FF006E993A /* H4XOR NewsTests */,
				63F97D8423C0F3FF006E993A /* H4XOR NewsUITests */,
			);
		};
/* End PBXProject section */

/* Begin PBXResourcesBuildPhase section */
		63F97D6223C0F3FD006E993A /* Resources */ = {
			isa = PBXResourcesBuildPhase;
			buildActionMask = 2147483647;
			files = (
				63F97D7423C0F3FF006E993A /* LaunchScreen.storyboard in Resources */,
				63F97D7123C0F3FF006E993A /* Preview Assets.xcassets in Resources */,
				63F97D6E23C0F3FF006E993A /* Assets.xcassets in Resources */,
			);
			runOnlyForDeploymentPostprocessing = 0;
		};
		63F97D7823C0F3FF006E993A /* Resources */ = {
			isa = PBXResourcesBuildPhase;
			buildActionMask = 2147483647;
			files = (
			);
			runOnlyForDeploymentPostprocessing = 0;
		};
		63F97D8323C0F3FF006E993A /* Resources */ = {
			isa = PBXResourcesBuildPhase;
			buildActionMask = 2147483647;
			files = (
			);
			runOnlyForDeploymentPostprocessing = 0;
		};
/* End PBXResourcesBuildPhase section */

/* Begin PBXSourcesBuildPhase section */
		63F97D6023C0F3FD006E993A /* Sources */ = {
			isa = PBXSourcesBuildPhase;
			buildActionMask = 2147483647;
			files = (
				63F97D6823C0F3FD006E993A /* AppDelegate.swift in Sources */,
				63F97D6A23C0F3FD006E993A /* SceneDelegate.swift in Sources */,
				63F97D6C23C0F3FD006E993A /* ContentView.swift in Sources */,
			);
			runOnlyForDeploymentPostprocessing = 0;
		};
		63F97D7623C0F3FF006E993A /* Sources */ = {
			isa = PBXSourcesBuildPhase;
			buildActionMask = 2147483647;
			files = (
				63F97D7F23C0F3FF006E993A /* H4XOR_NewsTests.swift in Sources */,
			);
			runOnlyForDeploymentPostprocessing = 0;
		};
		63F97D8123C0F3FF006E993A /* Sources */ = {
			isa = PBXSourcesBuildPhase;
			buildActionMask = 2147483647;
			files = (
				63F97D8A23C0F3FF006E993A /* H4XOR_NewsUITests.swift in Sources */,
			);
			runOnlyForDeploymentPostprocessing = 0;
		};
/* End PBXSourcesBuildPhase section */

/* Begin PBXTargetDependency section */
		63F97D7C23C0F3FF006E993A /* PBXTargetDependency */ = {
			isa = PBXTargetDependency;
			target = 63F97D6323C0F3FD006E993A /* H4XOR News */;
			targetProxy = 63F97D7B23C0F3FF006E993A /* PBXContainerItemProxy */;
		};
		63F97D8723C0F3FF006E993A /* PBXTargetDependency */ = {
			isa = PBXTargetDependency;
			target = 63F97D6323C0F3FD006E993A /* H4XOR News */;
			targetProxy = 63F97D8623C0F3FF006E993A /* PBXContainerItemProxy */;
		};
/* End PBXTargetDependency section */

/* Begin PBXVariantGroup section */
		63F97D7223C0F3FF006E993A /* LaunchScreen.storyboard */ = {
			isa = PBXVariantGroup;
			children = (
				63F97D7323C0F3FF006E993A /* Base */,
			);
			name = LaunchScreen.storyboard;
			sourceTree = "<group>";
		};
/* End PBXVariantGroup section */

/* Begin XCBuildConfiguration section */
		63F97D8C23C0F3FF006E993A /* Debug */ = {
			isa = XCBuildConfiguration;
			buildSettings = {
				ALWAYS_SEARCH_USER_PATHS = NO;
				CLANG_ANALYZER_NONNULL = YES;
				CLANG_ANALYZER_NUMBER_OBJECT_CONVERSION = YES_AGGRESSIVE;
				CLANG_CXX_LANGUAGE_STANDARD = "gnu++14";
				CLANG_CXX_LIBRARY = "libc++";
				CLANG_ENABLE_MODULES = YES;
				CLANG_ENABLE_OBJC_ARC = YES;
				CLANG_ENABLE_OBJC_WEAK = YES;
				CLANG_WARN_BLOCK_CAPTURE_AUTORELEASING = YES;
				CLANG_WARN_BOOL_CONVERSION = YES;
				CLANG_WARN_COMMA = YES;
				CLANG_WARN_CONSTANT_CONVERSION = YES;
				CLANG_WARN_DEPRECATED_OBJC_IMPLEMENTATIONS = YES;
				CLANG_WARN_DIRECT_OBJC_ISA_USAGE = YES_ERROR;
				CLANG_WARN_DOCUMENTATION_COMMENTS = YES;
				CLANG_WARN_EMPTY_BODY = YES;
				CLANG_WARN_ENUM_CONVERSION = YES;
				CLANG_WARN_INFINITE_RECURSION = YES;
				CLANG_WARN_INT_CONVERSION = YES;
				CLANG_WARN_NON_LITERAL_NULL_CONVERSION = YES;
				CLANG_WARN_OBJC_IMPLICIT_RETAIN_SELF = YES;
				CLANG_WARN_OBJC_LITERAL_CONVERSION = YES;
				CLANG_WARN_OBJC_ROOT_CLASS = YES_ERROR;
				CLANG_WARN_RANGE_LOOP_ANALYSIS = YES;
				CLANG_WARN_STRICT_PROTOTYPES = YES;
				CLANG_WARN_SUSPICIOUS_MOVE = YES;
				CLANG_WARN_UNGUARDED_AVAILABILITY = YES_AGGRESSIVE;
				CLANG_WARN_UNREACHABLE_CODE = YES;
				CLANG_WARN__DUPLICATE_METHOD_MATCH = YES;
				COPY_PHASE_STRIP = NO;
				DEBUG_INFORMATION_FORMAT = dwarf;
				ENABLE_STRICT_OBJC_MSGSEND = YES;
				ENABLE_TESTABILITY = YES;
				GCC_C_LANGUAGE_STANDARD = gnu11;
				GCC_DYNAMIC_NO_PIC = NO;
				GCC_NO_COMMON_BLOCKS = YES;
				GCC_OPTIMIZATION_LEVEL = 0;
				GCC_PREPROCESSOR_DEFINITIONS = (
					"DEBUG=1",
					"$(inherited)",
				);
				GCC_WARN_64_TO_32_BIT_CONVERSION = YES;
				GCC_WARN_ABOUT_RETURN_TYPE = YES_ERROR;
				GCC_WARN_UNDECLARED_SELECTOR = YES;
				GCC_WARN_UNINITIALIZED_AUTOS = YES_AGGRESSIVE;
				GCC_WARN_UNUSED_FUNCTION = YES;
				GCC_WARN_UNUSED_VARIABLE = YES;
				IPHONEOS_DEPLOYMENT_TARGET = 13.2;
				MTL_ENABLE_DEBUG_INFO = INCLUDE_SOURCE;
				MTL_FAST_MATH = YES;
				ONLY_ACTIVE_ARCH = YES;
				SDKROOT = iphoneos;
				SWIFT_ACTIVE_COMPILATION_CONDITIONS = DEBUG;
				SWIFT_OPTIMIZATION_LEVEL = "-Onone";
			};
			name = Debug;
		};
		63F97D8D23C0F3FF006E993A /* Release */ = {
			isa = XCBuildConfiguration;
			buildSettings = {
				ALWAYS_SEARCH_USER_PATHS = NO;
				CLANG_ANALYZER_NONNULL = YES;
				CLANG_ANALYZER_NUMBER_OBJECT_CONVERSION = YES_AGGRESSIVE;
				CLANG_CXX_LANGUAGE_STANDARD = "gnu++14";
				CLANG_CXX_LIBRARY = "libc++";
				CLANG_ENABLE_MODULES = YES;
				CLANG_ENABLE_OBJC_ARC = YES;
				CLANG_ENABLE_OBJC_WEAK = YES;
				CLANG_WARN_BLOCK_CAPTURE_AUTORELEASING = YES;
				CLANG_WARN_BOOL_CONVERSION = YES;
				CLANG_WARN_COMMA = YES;
				CLANG_WARN_CONSTANT_CONVERSION = YES;
				CLANG_WARN_DEPRECATED_OBJC_IMPLEMENTATIONS = YES;
				CLANG_WARN_DIRECT_OBJC_ISA_USAGE = YES_ERROR;
				CLANG_WARN_DOCUMENTATION_COMMENTS = YES;
				CLANG_WARN_EMPTY_BODY = YES;
				CLANG_WARN_ENUM_CONVERSION = YES;
				CLANG_WARN_INFINITE_RECURSION = YES;
				CLANG_WARN_INT_CONVERSION = YES;
				CLANG_WARN_NON_LITERAL_NULL_CONVERSION = YES;
				CLANG_WARN_OBJC_IMPLICIT_RETAIN_SELF = YES;
				CLANG_WARN_OBJC_LITERAL_CONVERSION = YES;
				CLANG_WARN_OBJC_ROOT_CLASS = YES_ERROR;
				CLANG_WARN_RANGE_LOOP_ANALYSIS = YES;
				CLANG_WARN_STRICT_PROTOTYPES = YES;
				CLANG_WARN_SUSPICIOUS_MOVE = YES;
				CLANG_WARN_UNGUARDED_AVAILABILITY = YES_AGGRESSIVE;
				CLANG_WARN_UNREACHABLE_CODE = YES;
				CLANG_WARN__DUPLICATE_METHOD_MATCH = YES;
				COPY_PHASE_STRIP = NO;
				DEBUG_INFORMATION_FORMAT = "dwarf-with-dsym";
				ENABLE_NS_ASSERTIONS = NO;
				ENABLE_STRICT_OBJC_MSGSEND = YES;
				GCC_C_LANGUAGE_STANDARD = gnu11;
				GCC_NO_COMMON_BLOCKS = YES;
				GCC_WARN_64_TO_32_BIT_CONVERSION = YES;
				GCC_WARN_ABOUT_RETURN_TYPE = YES_ERROR;
				GCC_WARN_UNDECLARED_SELECTOR = YES;
				GCC_WARN_UNINITIALIZED_AUTOS = YES_AGGRESSIVE;
				GCC_WARN_UNUSED_FUNCTION = YES;
				GCC_WARN_UNUSED_VARIABLE = YES;
				IPHONEOS_DEPLOYMENT_TARGET = 13.2;
				MTL_ENABLE_DEBUG_INFO = NO;
				MTL_FAST_MATH = YES;
				SDKROOT = iphoneos;
				SWIFT_COMPILATION_MODE = wholemodule;
				SWIFT_OPTIMIZATION_LEVEL = "-O";
				VALIDATE_PRODUCT = YES;
			};
			name = Release;
		};
		63F97D8F23C0F3FF006E993A /* Debug */ = {
			isa = XCBuildConfiguration;
			buildSettings = {
				ASSETCATALOG_COMPILER_APPICON_NAME = AppIcon;
				CODE_SIGN_STYLE = Automatic;
				DEVELOPMENT_ASSET_PATHS = "\"H4XOR News/Preview Content\"";
				ENABLE_PREVIEWS = YES;
				INFOPLIST_FILE = "H4XOR News/Info.plist";
				LD_RUNPATH_SEARCH_PATHS = (
					"$(inherited)",
					"@executable_path/Frameworks",
				);
				PRODUCT_BUNDLE_IDENTIFIER = "de.manfredroiger.H4XOR-News";
				PRODUCT_NAME = "$(TARGET_NAME)";
				SWIFT_VERSION = 5.0;
				TARGETED_DEVICE_FAMILY = "1,2";
			};
			name = Debug;
		};
		63F97D9023C0F3FF006E993A /* Release */ = {
			isa = XCBuildConfiguration;
			buildSettings = {
				ASSETCATALOG_COMPILER_APPICON_NAME = AppIcon;
				CODE_SIGN_STYLE = Automatic;
				DEVELOPMENT_ASSET_PATHS = "\"H4XOR News/Preview Content\"";
				ENABLE_PREVIEWS = YES;
				INFOPLIST_FILE = "H4XOR News/Info.plist";
				LD_RUNPATH_SEARCH_PATHS = (
					"$(inherited)",
					"@executable_path/Frameworks",
				);
				PRODUCT_BUNDLE_IDENTIFIER = "de.manfredroiger.H4XOR-News";
				PRODUCT_NAME = "$(TARGET_NAME)";
				SWIFT_VERSION = 5.0;
				TARGETED_DEVICE_FAMILY = "1,2";
			};
			name = Release;
		};
		63F97D9223C0F3FF006E993A /* Debug */ = {
			isa = XCBuildConfiguration;
			buildSettings = {
				ALWAYS_EMBED_SWIFT_STANDARD_LIBRARIES = YES;
				BUNDLE_LOADER = "$(TEST_HOST)";
				CODE_SIGN_STYLE = Automatic;
				INFOPLIST_FILE = "H4XOR NewsTests/Info.plist";
				IPHONEOS_DEPLOYMENT_TARGET = 13.2;
				LD_RUNPATH_SEARCH_PATHS = (
					"$(inherited)",
					"@executable_path/Frameworks",
					"@loader_path/Frameworks",
				);
				PRODUCT_BUNDLE_IDENTIFIER = "de.manfredroiger.H4XOR-NewsTests";
				PRODUCT_NAME = "$(TARGET_NAME)";
				SWIFT_VERSION = 5.0;
				TARGETED_DEVICE_FAMILY = "1,2";
				TEST_HOST = "$(BUILT_PRODUCTS_DIR)/H4XOR News.app/H4XOR News";
			};
			name = Debug;
		};
		63F97D9323C0F3FF006E993A /* Release */ = {
			isa = XCBuildConfiguration;
			buildSettings = {
				ALWAYS_EMBED_SWIFT_STANDARD_LIBRARIES = YES;
				BUNDLE_LOADER = "$(TEST_HOST)";
				CODE_SIGN_STYLE = Automatic;
				INFOPLIST_FILE = "H4XOR NewsTests/Info.plist";
				IPHONEOS_DEPLOYMENT_TARGET = 13.2;
				LD_RUNPATH_SEARCH_PATHS = (
					"$(inherited)",
					"@executable_path/Frameworks",
					"@loader_path/Frameworks",
				);
				PRODUCT_BUNDLE_IDENTIFIER = "de.manfredroiger.H4XOR-NewsTests";
				PRODUCT_NAME = "$(TARGET_NAME)";
				SWIFT_VERSION = 5.0;
				TARGETED_DEVICE_FAMILY = "1,2";
				TEST_HOST = "$(BUILT_PRODUCTS_DIR)/H4XOR News.app/H4XOR News";
			};
			name = Release;
		};
		63F97D9523C0F3FF006E993A /* Debug */ = {
			isa = XCBuildConfiguration;
			buildSettings = {
				ALWAYS_EMBED_SWIFT_STANDARD_LIBRARIES = YES;
				CODE_SIGN_STYLE = Automatic;
				INFOPLIST_FILE = "H4XOR NewsUITests/Info.plist";
				LD_RUNPATH_SEARCH_PATHS = (
					"$(inherited)",
					"@executable_path/Frameworks",
					"@loader_path/Frameworks",
				);
				PRODUCT_BUNDLE_IDENTIFIER = "de.manfredroiger.H4XOR-NewsUITests";
				PRODUCT_NAME = "$(TARGET_NAME)";
				SWIFT_VERSION = 5.0;
				TARGETED_DEVICE_FAMILY = "1,2";
				TEST_TARGET_NAME = "H4XOR News";
			};
			name = Debug;
		};
		63F97D9623C0F3FF006E993A /* Release */ = {
			isa = XCBuildConfiguration;
			buildSettings = {
				ALWAYS_EMBED_SWIFT_STANDARD_LIBRARIES = YES;
				CODE_SIGN_STYLE = Automatic;
				INFOPLIST_FILE = "H4XOR NewsUITests/Info.plist";
				LD_RUNPATH_SEARCH_PATHS = (
					"$(inherited)",
					"@executable_path/Frameworks",
					"@loader_path/Frameworks",
				);
				PRODUCT_BUNDLE_IDENTIFIER = "de.manfredroiger.H4XOR-NewsUITests";
				PRODUCT_NAME = "$(TARGET_NAME)";
				SWIFT_VERSION = 5.0;
				TARGETED_DEVICE_FAMILY = "1,2";
				TEST_TARGET_NAME = "H4XOR News";
			};
			name = Release;
		};
/* End XCBuildConfiguration section */

/* Begin XCConfigurationList section */
		63F97D5F23C0F3FD006E993A /* Build configuration list for PBXProject "H4XOR News" */ = {
			isa = XCConfigurationList;
			buildConfigurations = (
				63F97D8C23C0F3FF006E993A /* Debug */,
				63F97D8D23C0F3FF006E993A /* Release */,
			);
			defaultConfigurationIsVisible = 0;
			defaultConfigurationName = Release;
		};
		63F97D8E23C0F3FF006E993A /* Build configuration list for PBXNativeTarget "H4XOR News" */ = {
			isa = XCConfigurationList;
			buildConfigurations = (
				63F97D8F23C0F3FF006E993A /* Debug */,
				63F97D9023C0F3FF006E993A /* Release */,
			);
			defaultConfigurationIsVisible = 0;
			defaultConfigurationName = Release;
		};
		63F97D9123C0F3FF006E993A /* Build configuration list for PBXNativeTarget "H4XOR NewsTests" */ = {
			isa = XCConfigurationList;
			buildConfigurations = (
				63F97D9223C0F3FF006E993A /* Debug */,
				63F97D9323C0F3FF006E993A /* Release */,
			);
			defaultConfigurationIsVisible = 0;
			defaultConfigurationName = Release;
		};
		63F97D9423C0F3FF006E993A /* Build configuration list for PBXNativeTarget "H4XOR NewsUITests" */ = {
			isa = XCConfigurationList;
			buildConfigurations = (
				63F97D9523C0F3FF006E993A /* Debug */,
				63F97D9623C0F3FF006E993A /* Release */,
			);
			defaultConfigurationIsVisible = 0;
			defaultConfigurationName = Release;
		};
/* End XCConfigurationList section */
	};
	rootObject = 63F97D5C23C0F3FD006E993A /* Project object */;
}
